// !$*UTF8*$!
{
	archiveVersion = 1;
	classes = {
	};
	objectVersion = 50;
	objects = {

/* Begin PBXBuildFile section */
		BE7F9F3223C67D190011DA18 /* AppDelegate.swift in Sources */ = {isa = PBXBuildFile; fileRef = BE7F9F3123C67D190011DA18 /* AppDelegate.swift */; };
		BE7F9F3423C67D190011DA18 /* SceneDelegate.swift in Sources */ = {isa = PBXBuildFile; fileRef = BE7F9F3323C67D190011DA18 /* SceneDelegate.swift */; };
		BE7F9F3623C67D190011DA18 /* ViewController.swift in Sources */ = {isa = PBXBuildFile; fileRef = BE7F9F3523C67D190011DA18 /* ViewController.swift */; };
		BE7F9F3923C67D190011DA18 /* Main.storyboard in Resources */ = {isa = PBXBuildFile; fileRef = BE7F9F3723C67D190011DA18 /* Main.storyboard */; };
		BE7F9F3C23C67D190011DA18 /* InceptionTest.xcdatamodeld in Sources */ = {isa = PBXBuildFile; fileRef = BE7F9F3A23C67D190011DA18 /* InceptionTest.xcdatamodeld */; };
		BE7F9F3E23C67D1C0011DA18 /* Assets.xcassets in Resources */ = {isa = PBXBuildFile; fileRef = BE7F9F3D23C67D1C0011DA18 /* Assets.xcassets */; };
		BE7F9F4123C67D1C0011DA18 /* LaunchScreen.storyboard in Resources */ = {isa = PBXBuildFile; fileRef = BE7F9F3F23C67D1C0011DA18 /* LaunchScreen.storyboard */; };
		BE7F9F4923C67D530011DA18 /* Inceptionv3 2.mlmodel in Sources */ = {isa = PBXBuildFile; fileRef = BE7F9F4823C67D530011DA18 /* Inceptionv3 2.mlmodel */; };
/* End PBXBuildFile section */

/* Begin PBXFileReference section */
		BE7F9F2E23C67D190011DA18 /* InceptionTest.app */ = {isa = PBXFileReference; explicitFileType = wrapper.application; includeInIndex = 0; path = InceptionTest.app; sourceTree = BUILT_PRODUCTS_DIR; };
		BE7F9F3123C67D190011DA18 /* AppDelegate.swift */ = {isa = PBXFileReference; lastKnownFileType = sourcecode.swift; path = AppDelegate.swift; sourceTree = "<group>"; };
		BE7F9F3323C67D190011DA18 /* SceneDelegate.swift */ = {isa = PBXFileReference; lastKnownFileType = sourcecode.swift; path = SceneDelegate.swift; sourceTree = "<group>"; };
		BE7F9F3523C67D190011DA18 /* ViewController.swift */ = {isa = PBXFileReference; lastKnownFileType = sourcecode.swift; path = ViewController.swift; sourceTree = "<group>"; };
		BE7F9F3823C67D190011DA18 /* Base */ = {isa = PBXFileReference; lastKnownFileType = file.storyboard; name = Base; path = Base.lproj/Main.storyboard; sourceTree = "<group>"; };
		BE7F9F3B23C67D190011DA18 /* InceptionTest.xcdatamodel */ = {isa = PBXFileReference; lastKnownFileType = wrapper.xcdatamodel; path = InceptionTest.xcdatamodel; sourceTree = "<group>"; };
		BE7F9F3D23C67D1C0011DA18 /* Assets.xcassets */ = {isa = PBXFileReference; lastKnownFileType = folder.assetcatalog; path = Assets.xcassets; sourceTree = "<group>"; };
		BE7F9F4023C67D1C0011DA18 /* Base */ = {isa = PBXFileReference; lastKnownFileType = file.storyboard; name = Base; path = Base.lproj/LaunchScreen.storyboard; sourceTree = "<group>"; };
		BE7F9F4223C67D1C0011DA18 /* Info.plist */ = {isa = PBXFileReference; lastKnownFileType = text.plist.xml; path = Info.plist; sourceTree = "<group>"; };
		BE7F9F4823C67D530011DA18 /* Inceptionv3 2.mlmodel */ = {isa = PBXFileReference; lastKnownFileType = file.mlmodel; path = "Inceptionv3 2.mlmodel"; sourceTree = "<group>"; };
/* End PBXFileReference section */

/* Begin PBXFrameworksBuildPhase section */
		BE7F9F2B23C67D190011DA18 /* Frameworks */ = {
			isa = PBXFrameworksBuildPhase;
			buildActionMask = 2147483647;
			files = (
			);
			runOnlyForDeploymentPostprocessing = 0;
		};
/* End PBXFrameworksBuildPhase section */

/* Begin PBXGroup section */
		BE7F9F2523C67D190011DA18 = {
			isa = PBXGroup;
			children = (
				BE7F9F3023C67D190011DA18 /* InceptionTest */,
				BE7F9F2F23C67D190011DA18 /* Products */,
			);
			sourceTree = "<group>";
		};
		BE7F9F2F23C67D190011DA18 /* Products */ = {
			isa = PBXGroup;
			children = (
				BE7F9F2E23C67D190011DA18 /* InceptionTest.app */,
			);
			name = Products;
			sourceTree = "<group>";
		};
		BE7F9F3023C67D190011DA18 /* InceptionTest */ = {
			isa = PBXGroup;
			children = (
				BE7F9F4823C67D530011DA18 /* Inceptionv3 2.mlmodel */,
				BE7F9F3123C67D190011DA18 /* AppDelegate.swift */,
				BE7F9F3323C67D190011DA18 /* SceneDelegate.swift */,
				BE7F9F3523C67D190011DA18 /* ViewController.swift */,
				BE7F9F3723C67D190011DA18 /* Main.storyboard */,
				BE7F9F3D23C67D1C0011DA18 /* Assets.xcassets */,
				BE7F9F3F23C67D1C0011DA18 /* LaunchScreen.storyboard */,
				BE7F9F4223C67D1C0011DA18 /* Info.plist */,
				BE7F9F3A23C67D190011DA18 /* InceptionTest.xcdatamodeld */,
			);
			path = InceptionTest;
			sourceTree = "<group>";
		};
/* End PBXGroup section */

/* Begin PBXNativeTarget section */
		BE7F9F2D23C67D190011DA18 /* InceptionTest */ = {
			isa = PBXNativeTarget;
			buildConfigurationList = BE7F9F4523C67D1C0011DA18 /* Build configuration list for PBXNativeTarget "InceptionTest" */;
			buildPhases = (
				BE7F9F2A23C67D190011DA18 /* Sources */,
				BE7F9F2B23C67D190011DA18 /* Frameworks */,
				BE7F9F2C23C67D190011DA18 /* Resources */,
			);
			buildRules = (
			);
			dependencies = (
			);
			name = InceptionTest;
			productName = InceptionTest;
			productReference = BE7F9F2E23C67D190011DA18 /* InceptionTest.app */;
			productType = "com.apple.product-type.application";
		};
/* End PBXNativeTarget section */

/* Begin PBXProject section */
		BE7F9F2623C67D190011DA18 /* Project object */ = {
			isa = PBXProject;
			attributes = {
				LastSwiftUpdateCheck = 1130;
				LastUpgradeCheck = 1130;
				ORGANIZATIONNAME = "Manuel Carvalho";
				TargetAttributes = {
					BE7F9F2D23C67D190011DA18 = {
						CreatedOnToolsVersion = 11.3;
					};
				};
			};
			buildConfigurationList = BE7F9F2923C67D190011DA18 /* Build configuration list for PBXProject "InceptionTest" */;
			compatibilityVersion = "Xcode 9.3";
			developmentRegion = en;
			hasScannedForEncodings = 0;
			knownRegions = (
				en,
				Base,
			);
			mainGroup = BE7F9F2523C67D190011DA18;
			productRefGroup = BE7F9F2F23C67D190011DA18 /* Products */;
			projectDirPath = "";
			projectRoot = "";
			targets = (
				BE7F9F2D23C67D190011DA18 /* InceptionTest */,
			);
		};
/* End PBXProject section */

/* Begin PBXResourcesBuildPhase section */
		BE7F9F2C23C67D190011DA18 /* Resources */ = {
			isa = PBXResourcesBuildPhase;
			buildActionMask = 2147483647;
			files = (
				BE7F9F4123C67D1C0011DA18 /* LaunchScreen.storyboard in Resources */,
				BE7F9F3E23C67D1C0011DA18 /* Assets.xcassets in Resources */,
				BE7F9F3923C67D190011DA18 /* Main.storyboard in Resources */,
			);
			runOnlyForDeploymentPostprocessing = 0;
		};
/* End PBXResourcesBuildPhase section */

/* Begin PBXSourcesBuildPhase section */
		BE7F9F2A23C67D190011DA18 /* Sources */ = {
			isa = PBXSourcesBuildPhase;
			buildActionMask = 2147483647;
			files = (
				BE7F9F3623C67D190011DA18 /* ViewController.swift in Sources */,
				BE7F9F3223C67D190011DA18 /* AppDelegate.swift in Sources */,
				BE7F9F3423C67D190011DA18 /* SceneDelegate.swift in Sources */,
				BE7F9F3C23C67D190011DA18 /* InceptionTest.xcdatamodeld in Sources */,
				BE7F9F4923C67D530011DA18 /* Inceptionv3 2.mlmodel in Sources */,
			);
			runOnlyForDeploymentPostprocessing = 0;
		};
/* End PBXSourcesBuildPhase section */

/* Begin PBXVariantGroup section */
		BE7F9F3723C67D190011DA18 /* Main.storyboard */ = {
			isa = PBXVariantGroup;
			children = (
				BE7F9F3823C67D190011DA18 /* Base */,
			);
			name = Main.storyboard;
			sourceTree = "<group>";
		};
		BE7F9F3F23C67D1C0011DA18 /* LaunchScreen.storyboard */ = {
			isa = PBXVariantGroup;
			children = (
				BE7F9F4023C67D1C0011DA18 /* Base */,
			);
			name = LaunchScreen.storyboard;
			sourceTree = "<group>";
		};
/* End PBXVariantGroup section */

/* Begin XCBuildConfiguration section */
		BE7F9F4323C67D1C0011DA18 /* Debug */ = {
			isa = XCBuildConfiguration;
			buildSettings = {
				ALWAYS_SEARCH_USER_PATHS = NO;
				CLANG_ANALYZER_NONNULL = YES;
				CLANG_ANALYZER_NUMBER_OBJECT_CONVERSION = YES_AGGRESSIVE;
				CLANG_CXX_LANGUAGE_STANDARD = "gnu++14";
				CLANG_CXX_LIBRARY = "libc++";
				CLANG_ENABLE_MODULES = YES;
				CLANG_ENABLE_OBJC_ARC = YES;
				CLANG_ENABLE_OBJC_WEAK = YES;
				CLANG_WARN_BLOCK_CAPTURE_AUTORELEASING = YES;
				CLANG_WARN_BOOL_CONVERSION = YES;
				CLANG_WARN_COMMA = YES;
				CLANG_WARN_CONSTANT_CONVERSION = YES;
				CLANG_WARN_DEPRECATED_OBJC_IMPLEMENTATIONS = YES;
				CLANG_WARN_DIRECT_OBJC_ISA_USAGE = YES_ERROR;
				CLANG_WARN_DOCUMENTATION_COMMENTS = YES;
				CLANG_WARN_EMPTY_BODY = YES;
				CLANG_WARN_ENUM_CONVERSION = YES;
				CLANG_WARN_INFINITE_RECURSION = YES;
				CLANG_WARN_INT_CONVERSION = YES;
				CLANG_WARN_NON_LITERAL_NULL_CONVERSION = YES;
				CLANG_WARN_OBJC_IMPLICIT_RETAIN_SELF = YES;
				CLANG_WARN_OBJC_LITERAL_CONVERSION = YES;
				CLANG_WARN_OBJC_ROOT_CLASS = YES_ERROR;
				CLANG_WARN_RANGE_LOOP_ANALYSIS = YES;
				CLANG_WARN_STRICT_PROTOTYPES = YES;
				CLANG_WARN_SUSPICIOUS_MOVE = YES;
				CLANG_WARN_UNGUARDED_AVAILABILITY = YES_AGGRESSIVE;
				CLANG_WARN_UNREACHABLE_CODE = YES;
				CLANG_WARN__DUPLICATE_METHOD_MATCH = YES;
				COPY_PHASE_STRIP = NO;
				DEBUG_INFORMATION_FORMAT = dwarf;
				ENABLE_STRICT_OBJC_MSGSEND = YES;
				ENABLE_TESTABILITY = YES;
				GCC_C_LANGUAGE_STANDARD = gnu11;
				GCC_DYNAMIC_NO_PIC = NO;
				GCC_NO_COMMON_BLOCKS = YES;
				GCC_OPTIMIZATION_LEVEL = 0;
				GCC_PREPROCESSOR_DEFINITIONS = (
					"DEBUG=1",
					"$(inherited)",
				);
				GCC_WARN_64_TO_32_BIT_CONVERSION = YES;
				GCC_WARN_ABOUT_RETURN_TYPE = YES_ERROR;
				GCC_WARN_UNDECLARED_SELECTOR = YES;
				GCC_WARN_UNINITIALIZED_AUTOS = YES_AGGRESSIVE;
				GCC_WARN_UNUSED_FUNCTION = YES;
				GCC_WARN_UNUSED_VARIABLE = YES;
				IPHONEOS_DEPLOYMENT_TARGET = 13.2;
				MTL_ENABLE_DEBUG_INFO = INCLUDE_SOURCE;
				MTL_FAST_MATH = YES;
				ONLY_ACTIVE_ARCH = YES;
				SDKROOT = iphoneos;
				SWIFT_ACTIVE_COMPILATION_CONDITIONS = DEBUG;
				SWIFT_OPTIMIZATION_LEVEL = "-Onone";
			};
			name = Debug;
		};
		BE7F9F4423C67D1C0011DA18 /* Release */ = {
			isa = XCBuildConfiguration;
			buildSettings = {
				ALWAYS_SEARCH_USER_PATHS = NO;
				CLANG_ANALYZER_NONNULL = YES;
				CLANG_ANALYZER_NUMBER_OBJECT_CONVERSION = YES_AGGRESSIVE;
				CLANG_CXX_LANGUAGE_STANDARD = "gnu++14";
				CLANG_CXX_LIBRARY = "libc++";
				CLANG_ENABLE_MODULES = YES;
				CLANG_ENABLE_OBJC_ARC = YES;
				CLANG_ENABLE_OBJC_WEAK = YES;
				CLANG_WARN_BLOCK_CAPTURE_AUTORELEASING = YES;
				CLANG_WARN_BOOL_CONVERSION = YES;
				CLANG_WARN_COMMA = YES;
				CLANG_WARN_CONSTANT_CONVERSION = YES;
				CLANG_WARN_DEPRECATED_OBJC_IMPLEMENTATIONS = YES;
				CLANG_WARN_DIRECT_OBJC_ISA_USAGE = YES_ERROR;
				CLANG_WARN_DOCUMENTATION_COMMENTS = YES;
				CLANG_WARN_EMPTY_BODY = YES;
				CLANG_WARN_ENUM_CONVERSION = YES;
				CLANG_WARN_INFINITE_RECURSION = YES;
				CLANG_WARN_INT_CONVERSION = YES;
				CLANG_WARN_NON_LITERAL_NULL_CONVERSION = YES;
				CLANG_WARN_OBJC_IMPLICIT_RETAIN_SELF = YES;
				CLANG_WARN_OBJC_LITERAL_CONVERSION = YES;
				CLANG_WARN_OBJC_ROOT_CLASS = YES_ERROR;
				CLANG_WARN_RANGE_LOOP_ANALYSIS = YES;
				CLANG_WARN_STRICT_PROTOTYPES = YES;
				CLANG_WARN_SUSPICIOUS_MOVE = YES;
				CLANG_WARN_UNGUARDED_AVAILABILITY = YES_AGGRESSIVE;
				CLANG_WARN_UNREACHABLE_CODE = YES;
				CLANG_WARN__DUPLICATE_METHOD_MATCH = YES;
				COPY_PHASE_STRIP = NO;
				DEBUG_INFORMATION_FORMAT = "dwarf-with-dsym";
				ENABLE_NS_ASSERTIONS = NO;
				ENABLE_STRICT_OBJC_MSGSEND = YES;
				GCC_C_LANGUAGE_STANDARD = gnu11;
				GCC_NO_COMMON_BLOCKS = YES;
				GCC_WARN_64_TO_32_BIT_CONVERSION = YES;
				GCC_WARN_ABOUT_RETURN_TYPE = YES_ERROR;
				GCC_WARN_UNDECLARED_SELECTOR = YES;
				GCC_WARN_UNINITIALIZED_AUTOS = YES_AGGRESSIVE;
				GCC_WARN_UNUSED_FUNCTION = YES;
				GCC_WARN_UNUSED_VARIABLE = YES;
				IPHONEOS_DEPLOYMENT_TARGET = 13.2;
				MTL_ENABLE_DEBUG_INFO = NO;
				MTL_FAST_MATH = YES;
				SDKROOT = iphoneos;
				SWIFT_COMPILATION_MODE = wholemodule;
				SWIFT_OPTIMIZATION_LEVEL = "-O";
				VALIDATE_PRODUCT = YES;
			};
			name = Release;
		};
		BE7F9F4623C67D1C0011DA18 /* Debug */ = {
			isa = XCBuildConfiguration;
			buildSettings = {
				ASSETCATALOG_COMPILER_APPICON_NAME = AppIcon;
				CODE_SIGN_STYLE = Automatic;
				DEVELOPMENT_TEAM = UHTKY94VRM;
				INFOPLIST_FILE = InceptionTest/Info.plist;
				LD_RUNPATH_SEARCH_PATHS = (
					"$(inherited)",
					"@executable_path/Frameworks",
				);
				PRODUCT_BUNDLE_IDENTIFIER = CasaAzul.InceptionTest;
				PRODUCT_NAME = "$(TARGET_NAME)";
				SWIFT_VERSION = 5.0;
				TARGETED_DEVICE_FAMILY = "1,2";
			};
			name = Debug;
		};
		BE7F9F4723C67D1C0011DA18 /* Release */ = {
			isa = XCBuildConfiguration;
			buildSettings = {
				ASSETCATALOG_COMPILER_APPICON_NAME = AppIcon;
				CODE_SIGN_STYLE = Automatic;
				DEVELOPMENT_TEAM = UHTKY94VRM;
				INFOPLIST_FILE = InceptionTest/Info.plist;
				LD_RUNPATH_SEARCH_PATHS = (
					"$(inherited)",
					"@executable_path/Frameworks",
				);
				PRODUCT_BUNDLE_IDENTIFIER = CasaAzul.InceptionTest;
				PRODUCT_NAME = "$(TARGET_NAME)";
				SWIFT_VERSION = 5.0;
				TARGETED_DEVICE_FAMILY = "1,2";
			};
			name = Release;
		};
/* End XCBuildConfiguration section */

/* Begin XCConfigurationList section */
		BE7F9F2923C67D190011DA18 /* Build configuration list for PBXProject "InceptionTest" */ = {
			isa = XCConfigurationList;
			buildConfigurations = (
				BE7F9F4323C67D1C0011DA18 /* Debug */,
				BE7F9F4423C67D1C0011DA18 /* Release */,
			);
			defaultConfigurationIsVisible = 0;
			defaultConfigurationName = Release;
		};
		BE7F9F4523C67D1C0011DA18 /* Build configuration list for PBXNativeTarget "InceptionTest" */ = {
			isa = XCConfigurationList;
			buildConfigurations = (
				BE7F9F4623C67D1C0011DA18 /* Debug */,
				BE7F9F4723C67D1C0011DA18 /* Release */,
			);
			defaultConfigurationIsVisible = 0;
			defaultConfigurationName = Release;
		};
/* End XCConfigurationList section */

/* Begin XCVersionGroup section */
		BE7F9F3A23C67D190011DA18 /* InceptionTest.xcdatamodeld */ = {
			isa = XCVersionGroup;
			children = (
				BE7F9F3B23C67D190011DA18 /* InceptionTest.xcdatamodel */,
			);
			currentVersion = BE7F9F3B23C67D190011DA18 /* InceptionTest.xcdatamodel */;
			path = InceptionTest.xcdatamodeld;
			sourceTree = "<group>";
			versionGroupType = wrapper.xcdatamodel;
		};
/* End XCVersionGroup section */
	};
	rootObject = BE7F9F2623C67D190011DA18 /* Project object */;
}
